
Microsoft Visual Studio Solution File, Format Version 12.00
# Visual Studio Version 16
Project("{8BC9CEB8-8B4A-11D0-8D11-00A0C91BC942}") = "ALL_BUILD", "ALL_BUILD.vcxproj", "{B02E576A-7BFA-31CA-A023-E550A5AE0947}"
	ProjectSection(ProjectDependencies) = postProject
		{96289C91-CB9B-3E00-A869-943598CAAB20} = {96289C91-CB9B-3E00-A869-943598CAAB20}
		{4B091DA1-71DB-3970-A259-59D096D23479} = {4B091DA1-71DB-3970-A259-59D096D23479}
		{9B6C3783-66C0-37E5-B56E-80F9973F6440} = {9B6C3783-66C0-37E5-B56E-80F9973F6440}
		{0A56AA35-FD5B-3D7B-B056-40E531903678} = {0A56AA35-FD5B-3D7B-B056-40E531903678}
		{2D57D7B6-B40A-31E6-9945-5119E695CD63} = {2D57D7B6-B40A-31E6-9945-5119E695CD63}
		{7E0CA2AB-5C8D-3C16-AF2B-FFA1EC6DF610} = {7E0CA2AB-5C8D-3C16-AF2B-FFA1EC6DF610}
		{AAC6B795-529D-3CE5-B25D-975246C07059} = {AAC6B795-529D-3CE5-B25D-975246C07059}
		{388115B2-D4E7-3091-8F17-EF6AE0CD85DF} = {388115B2-D4E7-3091-8F17-EF6AE0CD85DF}
		{535F7921-8694-3282-BA68-2C162BD74279} = {535F7921-8694-3282-BA68-2C162BD74279}
		{5F684EED-F6BF-392E-9CA1-4EBBF3A09AAD} = {5F684EED-F6BF-392E-9CA1-4EBBF3A09AAD}
		{D1BE7918-5692-3A49-BF40-942E32AA294C} = {D1BE7918-5692-3A49-BF40-942E32AA294C}
		{95BB3967-2D4A-3332-A5E6-33501F382852} = {95BB3967-2D4A-3332-A5E6-33501F382852}
		{63C1F247-91BD-3535-8EC6-0537662E16C1} = {63C1F247-91BD-3535-8EC6-0537662E16C1}
		{824648E8-D2E9-34E4-8764-44EFF024EB14} = {824648E8-D2E9-34E4-8764-44EFF024EB14}
		{2FCF610B-C840-3939-87CF-B3EB6AB3FEB4} = {2FCF610B-C840-3939-87CF-B3EB6AB3FEB4}
		{81CF0E6C-BCB2-3F01-9422-A54318879588} = {81CF0E6C-BCB2-3F01-9422-A54318879588}
		{994F76F6-D223-32A4-AA51-BD2BDA131985} = {994F76F6-D223-32A4-AA51-BD2BDA131985}
		{8706BD93-920C-3703-B2E1-C574FC34780A} = {8706BD93-920C-3703-B2E1-C574FC34780A}
		{A06E0866-275E-398E-BB52-F84894B2049C} = {A06E0866-275E-398E-BB52-F84894B2049C}
		{7EC8E27F-6FDC-308E-B11F-2BA4854625EE} = {7EC8E27F-6FDC-308E-B11F-2BA4854625EE}
		{6876F606-0036-3F93-A15B-E313F3FA77C9} = {6876F606-0036-3F93-A15B-E313F3FA77C9}
		{8133BEA3-39F0-30E8-A1BC-68C4765A7EC1} = {8133BEA3-39F0-30E8-A1BC-68C4765A7EC1}
		{F526AD27-5D77-3C28-AAE3-B769C429BFA1} = {F526AD27-5D77-3C28-AAE3-B769C429BFA1}
		{9841BEAD-D181-305D-9E9A-DD05DCA8607B} = {9841BEAD-D181-305D-9E9A-DD05DCA8607B}
		{7C814F0F-E97F-3A22-BB6E-23D964C27C93} = {7C814F0F-E97F-3A22-BB6E-23D964C27C93}
		{74108037-90C3-3E16-95FC-0A9942C78A10} = {74108037-90C3-3E16-95FC-0A9942C78A10}
		{9B9AAC90-A3CF-3F3A-A063-2BE2B496279B} = {9B9AAC90-A3CF-3F3A-A063-2BE2B496279B}
		{FA6A84D1-A70E-35A4-B769-7EC19E2A3040} = {FA6A84D1-A70E-35A4-B769-7EC19E2A3040}
		{C9EB68BC-6B63-3BDD-B190-FC2D486F7152} = {C9EB68BC-6B63-3BDD-B190-FC2D486F7152}
	EndProjectSection
EndProject
Project("{8BC9CEB8-8B4A-11D0-8D11-00A0C91BC942}") = "INSTALL", "INSTALL.vcxproj", "{5DB9AF34-1CFC-3F7C-8C7B-9A8346ED4819}"
	ProjectSection(ProjectDependencies) = postProject
		{B02E576A-7BFA-31CA-A023-E550A5AE0947} = {B02E576A-7BFA-31CA-A023-E550A5AE0947}
		{96289C91-CB9B-3E00-A869-943598CAAB20} = {96289C91-CB9B-3E00-A869-943598CAAB20}
	EndProjectSection
EndProject
Project("{8BC9CEB8-8B4A-11D0-8D11-00A0C91BC942}") = "ZERO_CHECK", "ZERO_CHECK.vcxproj", "{96289C91-CB9B-3E00-A869-943598CAAB20}"
	ProjectSection(ProjectDependencies) = postProject
	EndProjectSection
EndProject
Project("{8BC9CEB8-8B4A-11D0-8D11-00A0C91BC942}") = "behaviortree_cpp", "_deps\behaviortree_cpp-build\behaviortree_cpp.vcxproj", "{4B091DA1-71DB-3970-A259-59D096D23479}"
	ProjectSection(ProjectDependencies) = postProject
		{96289C91-CB9B-3E00-A869-943598CAAB20} = {96289C91-CB9B-3E00-A869-943598CAAB20}
		{81CF0E6C-BCB2-3F01-9422-A54318879588} = {81CF0E6C-BCB2-3F01-9422-A54318879588}
	EndProjectSection
EndProject
Project("{8BC9CEB8-8B4A-11D0-8D11-00A0C91BC942}") = "behaviortree_cpp_test", "_deps\behaviortree_cpp-build\tests\behaviortree_cpp_test.vcxproj", "{9B6C3783-66C0-37E5-B56E-80F9973F6440}"
	ProjectSection(ProjectDependencies) = postProject
		{96289C91-CB9B-3E00-A869-943598CAAB20} = {96289C91-CB9B-3E00-A869-943598CAAB20}
		{4B091DA1-71DB-3970-A259-59D096D23479} = {4B091DA1-71DB-3970-A259-59D096D23479}
		{AAC6B795-529D-3CE5-B25D-975246C07059} = {AAC6B795-529D-3CE5-B25D-975246C07059}
		{824648E8-D2E9-34E4-8764-44EFF024EB14} = {824648E8-D2E9-34E4-8764-44EFF024EB14}
		{2FCF610B-C840-3939-87CF-B3EB6AB3FEB4} = {2FCF610B-C840-3939-87CF-B3EB6AB3FEB4}
		{81CF0E6C-BCB2-3F01-9422-A54318879588} = {81CF0E6C-BCB2-3F01-9422-A54318879588}
	EndProjectSection
EndProject
Project("{8BC9CEB8-8B4A-11D0-8D11-00A0C91BC942}") = "bt3_log_cat", "_deps\behaviortree_cpp-build\tools\bt3_log_cat.vcxproj", "{0A56AA35-FD5B-3D7B-B056-40E531903678}"
	ProjectSection(ProjectDependencies) = postProject
		{96289C91-CB9B-3E00-A869-943598CAAB20} = {96289C91-CB9B-3E00-A869-943598CAAB20}
		{4B091DA1-71DB-3970-A259-59D096D23479} = {4B091DA1-71DB-3970-A259-59D096D23479}
	EndProjectSection
EndProject
Project("{8BC9CEB8-8B4A-11D0-8D11-00A0C91BC942}") = "bt3_plugin_manifest", "_deps\behaviortree_cpp-build\tools\bt3_plugin_manifest.vcxproj", "{2D57D7B6-B40A-31E6-9945-5119E695CD63}"
	ProjectSection(ProjectDependencies) = postProject
		{96289C91-CB9B-3E00-A869-943598CAAB20} = {96289C91-CB9B-3E00-A869-943598CAAB20}
		{4B091DA1-71DB-3970-A259-59D096D23479} = {4B091DA1-71DB-3970-A259-59D096D23479}
	EndProjectSection
EndProject
Project("{8BC9CEB8-8B4A-11D0-8D11-00A0C91BC942}") = "bt3_recorder", "_deps\behaviortree_cpp-build\tools\bt3_recorder.vcxproj", "{7E0CA2AB-5C8D-3C16-AF2B-FFA1EC6DF610}"
	ProjectSection(ProjectDependencies) = postProject
		{96289C91-CB9B-3E00-A869-943598CAAB20} = {96289C91-CB9B-3E00-A869-943598CAAB20}
		{4B091DA1-71DB-3970-A259-59D096D23479} = {4B091DA1-71DB-3970-A259-59D096D23479}
	EndProjectSection
EndProject
Project("{8BC9CEB8-8B4A-11D0-8D11-00A0C91BC942}") = "bt_sample_nodes", "_deps\behaviortree_cpp-build\sample_nodes\bt_sample_nodes.vcxproj", "{AAC6B795-529D-3CE5-B25D-975246C07059}"
	ProjectSection(ProjectDependencies) = postProject
		{96289C91-CB9B-3E00-A869-943598CAAB20} = {96289C91-CB9B-3E00-A869-943598CAAB20}
		{4B091DA1-71DB-3970-A259-59D096D23479} = {4B091DA1-71DB-3970-A259-59D096D23479}
	EndProjectSection
EndProject
Project("{8BC9CEB8-8B4A-11D0-8D11-00A0C91BC942}") = "crossdoor_nodes_dyn", "_deps\behaviortree_cpp-build\sample_nodes\crossdoor_nodes_dyn.vcxproj", "{388115B2-D4E7-3091-8F17-EF6AE0CD85DF}"
	ProjectSection(ProjectDependencies) = postProject
		{96289C91-CB9B-3E00-A869-943598CAAB20} = {96289C91-CB9B-3E00-A869-943598CAAB20}
		{4B091DA1-71DB-3970-A259-59D096D23479} = {4B091DA1-71DB-3970-A259-59D096D23479}
	EndProjectSection
EndProject
Project("{8BC9CEB8-8B4A-11D0-8D11-00A0C91BC942}") = "dummy_nodes_dyn", "_deps\behaviortree_cpp-build\sample_nodes\dummy_nodes_dyn.vcxproj", "{535F7921-8694-3282-BA68-2C162BD74279}"
	ProjectSection(ProjectDependencies) = postProject
		{96289C91-CB9B-3E00-A869-943598CAAB20} = {96289C91-CB9B-3E00-A869-943598CAAB20}
		{4B091DA1-71DB-3970-A259-59D096D23479} = {4B091DA1-71DB-3970-A259-59D096D23479}
	EndProjectSection
EndProject
Project("{8BC9CEB8-8B4A-11D0-8D11-00A0C91BC942}") = "ex01_wrap_legacy", "_deps\behaviortree_cpp-build\examples\ex01_wrap_legacy.vcxproj", "{5F684EED-F6BF-392E-9CA1-4EBBF3A09AAD}"
	ProjectSection(ProjectDependencies) = postProject
		{96289C91-CB9B-3E00-A869-943598CAAB20} = {96289C91-CB9B-3E00-A869-943598CAAB20}
		{4B091DA1-71DB-3970-A259-59D096D23479} = {4B091DA1-71DB-3970-A259-59D096D23479}
		{AAC6B795-529D-3CE5-B25D-975246C07059} = {AAC6B795-529D-3CE5-B25D-975246C07059}
	EndProjectSection
EndProject
Project("{8BC9CEB8-8B4A-11D0-8D11-00A0C91BC942}") = "ex02_runtime_ports", "_deps\behaviortree_cpp-build\examples\ex02_runtime_ports.vcxproj", "{D1BE7918-5692-3A49-BF40-942E32AA294C}"
	ProjectSection(ProjectDependencies) = postProject
		{96289C91-CB9B-3E00-A869-943598CAAB20} = {96289C91-CB9B-3E00-A869-943598CAAB20}
		{4B091DA1-71DB-3970-A259-59D096D23479} = {4B091DA1-71DB-3970-A259-59D096D23479}
		{AAC6B795-529D-3CE5-B25D-975246C07059} = {AAC6B795-529D-3CE5-B25D-975246C07059}
	EndProjectSection
EndProject
Project("{8BC9CEB8-8B4A-11D0-8D11-00A0C91BC942}") = "ex03_ncurses_manual_selector", "_deps\behaviortree_cpp-build\examples\ex03_ncurses_manual_selector.vcxproj", "{95BB3967-2D4A-3332-A5E6-33501F382852}"
	ProjectSection(ProjectDependencies) = postProject
		{96289C91-CB9B-3E00-A869-943598CAAB20} = {96289C91-CB9B-3E00-A869-943598CAAB20}
		{4B091DA1-71DB-3970-A259-59D096D23479} = {4B091DA1-71DB-3970-A259-59D096D23479}
		{AAC6B795-529D-3CE5-B25D-975246C07059} = {AAC6B795-529D-3CE5-B25D-975246C07059}
	EndProjectSection
EndProject
Project("{8BC9CEB8-8B4A-11D0-8D11-00A0C91BC942}") = "ex04_waypoints", "_deps\behaviortree_cpp-build\examples\ex04_waypoints.vcxproj", "{63C1F247-91BD-3535-8EC6-0537662E16C1}"
	ProjectSection(ProjectDependencies) = postProject
		{96289C91-CB9B-3E00-A869-943598CAAB20} = {96289C91-CB9B-3E00-A869-943598CAAB20}
		{4B091DA1-71DB-3970-A259-59D096D23479} = {4B091DA1-71DB-3970-A259-59D096D23479}
		{AAC6B795-529D-3CE5-B25D-975246C07059} = {AAC6B795-529D-3CE5-B25D-975246C07059}
	EndProjectSection
EndProject
Project("{8BC9CEB8-8B4A-11D0-8D11-00A0C91BC942}") = "gtest", "_deps\googletest-build\googletest\gtest.vcxproj", "{824648E8-D2E9-34E4-8764-44EFF024EB14}"
	ProjectSection(ProjectDependencies) = postProject
		{96289C91-CB9B-3E00-A869-943598CAAB20} = {96289C91-CB9B-3E00-A869-943598CAAB20}
	EndProjectSection
EndProject
Project("{8BC9CEB8-8B4A-11D0-8D11-00A0C91BC942}") = "gtest_main", "_deps\googletest-build\googletest\gtest_main.vcxproj", "{2FCF610B-C840-3939-87CF-B3EB6AB3FEB4}"
	ProjectSection(ProjectDependencies) = postProject
		{96289C91-CB9B-3E00-A869-943598CAAB20} = {96289C91-CB9B-3E00-A869-943598CAAB20}
		{824648E8-D2E9-34E4-8764-44EFF024EB14} = {824648E8-D2E9-34E4-8764-44EFF024EB14}
	EndProjectSection
EndProject
Project("{8BC9CEB8-8B4A-11D0-8D11-00A0C91BC942}") = "lexy_file", "_deps\behaviortree_cpp-build\3rdparty\lexy\src\lexy_file.vcxproj", "{81CF0E6C-BCB2-3F01-9422-A54318879588}"
	ProjectSection(ProjectDependencies) = postProject
		{96289C91-CB9B-3E00-A869-943598CAAB20} = {96289C91-CB9B-3E00-A869-943598CAAB20}
	EndProjectSection
EndProject
Project("{8BC9CEB8-8B4A-11D0-8D11-00A0C91BC942}") = "movebase_node_dyn", "_deps\behaviortree_cpp-build\sample_nodes\movebase_node_dyn.vcxproj", "{994F76F6-D223-32A4-AA51-BD2BDA131985}"
	ProjectSection(ProjectDependencies) = postProject
		{96289C91-CB9B-3E00-A869-943598CAAB20} = {96289C91-CB9B-3E00-A869-943598CAAB20}
		{4B091DA1-71DB-3970-A259-59D096D23479} = {4B091DA1-71DB-3970-A259-59D096D23479}
	EndProjectSection
EndProject
Project("{8BC9CEB8-8B4A-11D0-8D11-00A0C91BC942}") = "navigation_bt_nodes", "navigation_bt_nodes.vcxproj", "{8706BD93-920C-3703-B2E1-C574FC34780A}"
	ProjectSection(ProjectDependencies) = postProject
		{96289C91-CB9B-3E00-A869-943598CAAB20} = {96289C91-CB9B-3E00-A869-943598CAAB20}
		{4B091DA1-71DB-3970-A259-59D096D23479} = {4B091DA1-71DB-3970-A259-59D096D23479}
	EndProjectSection
EndProject
Project("{8BC9CEB8-8B4A-11D0-8D11-00A0C91BC942}") = "navigation_demo", "navigation_demo.vcxproj", "{A06E0866-275E-398E-BB52-F84894B2049C}"
	ProjectSection(ProjectDependencies) = postProject
		{96289C91-CB9B-3E00-A869-943598CAAB20} = {96289C91-CB9B-3E00-A869-943598CAAB20}
		{4B091DA1-71DB-3970-A259-59D096D23479} = {4B091DA1-71DB-3970-A259-59D096D23479}
	EndProjectSection
EndProject
Project("{8BC9CEB8-8B4A-11D0-8D11-00A0C91BC942}") = "t01_first_tree_dynamic", "_deps\behaviortree_cpp-build\examples\t01_first_tree_dynamic.vcxproj", "{7EC8E27F-6FDC-308E-B11F-2BA4854625EE}"
	ProjectSection(ProjectDependencies) = postProject
		{96289C91-CB9B-3E00-A869-943598CAAB20} = {96289C91-CB9B-3E00-A869-943598CAAB20}
		{4B091DA1-71DB-3970-A259-59D096D23479} = {4B091DA1-71DB-3970-A259-59D096D23479}
	EndProjectSection
EndProject
Project("{8BC9CEB8-8B4A-11D0-8D11-00A0C91BC942}") = "t01_first_tree_static", "_deps\behaviortree_cpp-build\examples\t01_first_tree_static.vcxproj", "{6876F606-0036-3F93-A15B-E313F3FA77C9}"
	ProjectSection(ProjectDependencies) = postProject
		{96289C91-CB9B-3E00-A869-943598CAAB20} = {96289C91-CB9B-3E00-A869-943598CAAB20}
		{4B091DA1-71DB-3970-A259-59D096D23479} = {4B091DA1-71DB-3970-A259-59D096D23479}
		{AAC6B795-529D-3CE5-B25D-975246C07059} = {AAC6B795-529D-3CE5-B25D-975246C07059}
	EndProjectSection
EndProject
Project("{8BC9CEB8-8B4A-11D0-8D11-00A0C91BC942}") = "t02_basic_ports", "_deps\behaviortree_cpp-build\examples\t02_basic_ports.vcxproj", "{8133BEA3-39F0-30E8-A1BC-68C4765A7EC1}"
	ProjectSection(ProjectDependencies) = postProject
		{96289C91-CB9B-3E00-A869-943598CAAB20} = {96289C91-CB9B-3E00-A869-943598CAAB20}
		{4B091DA1-71DB-3970-A259-59D096D23479} = {4B091DA1-71DB-3970-A259-59D096D23479}
		{AAC6B795-529D-3CE5-B25D-975246C07059} = {AAC6B795-529D-3CE5-B25D-975246C07059}
	EndProjectSection
EndProject
Project("{8BC9CEB8-8B4A-11D0-8D11-00A0C91BC942}") = "t03_generic_ports", "_deps\behaviortree_cpp-build\examples\t03_generic_ports.vcxproj", "{F526AD27-5D77-3C28-AAE3-B769C429BFA1}"
	ProjectSection(ProjectDependencies) = postProject
		{96289C91-CB9B-3E00-A869-943598CAAB20} = {96289C91-CB9B-3E00-A869-943598CAAB20}
		{4B091DA1-71DB-3970-A259-59D096D23479} = {4B091DA1-71DB-3970-A259-59D096D23479}
		{AAC6B795-529D-3CE5-B25D-975246C07059} = {AAC6B795-529D-3CE5-B25D-975246C07059}
	EndProjectSection
EndProject
Project("{8BC9CEB8-8B4A-11D0-8D11-00A0C91BC942}") = "t04_reactive_sequence", "_deps\behaviortree_cpp-build\examples\t04_reactive_sequence.vcxproj", "{9841BEAD-D181-305D-9E9A-DD05DCA8607B}"
	ProjectSection(ProjectDependencies) = postProject
		{96289C91-CB9B-3E00-A869-943598CAAB20} = {96289C91-CB9B-3E00-A869-943598CAAB20}
		{4B091DA1-71DB-3970-A259-59D096D23479} = {4B091DA1-71DB-3970-A259-59D096D23479}
		{AAC6B795-529D-3CE5-B25D-975246C07059} = {AAC6B795-529D-3CE5-B25D-975246C07059}
	EndProjectSection
EndProject
Project("{8BC9CEB8-8B4A-11D0-8D11-00A0C91BC942}") = "t05_crossdoor", "_deps\behaviortree_cpp-build\examples\t05_crossdoor.vcxproj", "{7C814F0F-E97F-3A22-BB6E-23D964C27C93}"
	ProjectSection(ProjectDependencies) = postProject
		{96289C91-CB9B-3E00-A869-943598CAAB20} = {96289C91-CB9B-3E00-A869-943598CAAB20}
		{4B091DA1-71DB-3970-A259-59D096D23479} = {4B091DA1-71DB-3970-A259-59D096D23479}
		{AAC6B795-529D-3CE5-B25D-975246C07059} = {AAC6B795-529D-3CE5-B25D-975246C07059}
	EndProjectSection
EndProject
Project("{8BC9CEB8-8B4A-11D0-8D11-00A0C91BC942}") = "t06_subtree_port_remapping", "_deps\behaviortree_cpp-build\examples\t06_subtree_port_remapping.vcxproj", "{74108037-90C3-3E16-95FC-0A9942C78A10}"
	ProjectSection(ProjectDependencies) = postProject
		{96289C91-CB9B-3E00-A869-943598CAAB20} = {96289C91-CB9B-3E00-A869-943598CAAB20}
		{4B091DA1-71DB-3970-A259-59D096D23479} = {4B091DA1-71DB-3970-A259-59D096D23479}
		{AAC6B795-529D-3CE5-B25D-975246C07059} = {AAC6B795-529D-3CE5-B25D-975246C07059}
	EndProjectSection
EndProject
Project("{8BC9CEB8-8B4A-11D0-8D11-00A0C91BC942}") = "t07_load_multiple_xml", "_deps\behaviortree_cpp-build\examples\t07_load_multiple_xml.vcxproj", "{9B9AAC90-A3CF-3F3A-A063-2BE2B496279B}"
	ProjectSection(ProjectDependencies) = postProject
		{96289C91-CB9B-3E00-A869-943598CAAB20} = {96289C91-CB9B-3E00-A869-943598CAAB20}
		{4B091DA1-71DB-3970-A259-59D096D23479} = {4B091DA1-71DB-3970-A259-59D096D23479}
		{AAC6B795-529D-3CE5-B25D-975246C07059} = {AAC6B795-529D-3CE5-B25D-975246C07059}
	EndProjectSection
EndProject
Project("{8BC9CEB8-8B4A-11D0-8D11-00A0C91BC942}") = "t08_additional_node_args", "_deps\behaviortree_cpp-build\examples\t08_additional_node_args.vcxproj", "{FA6A84D1-A70E-35A4-B769-7EC19E2A3040}"
	ProjectSection(ProjectDependencies) = postProject
		{96289C91-CB9B-3E00-A869-943598CAAB20} = {96289C91-CB9B-3E00-A869-943598CAAB20}
		{4B091DA1-71DB-3970-A259-59D096D23479} = {4B091DA1-71DB-3970-A259-59D096D23479}
		{AAC6B795-529D-3CE5-B25D-975246C07059} = {AAC6B795-529D-3CE5-B25D-975246C07059}
	EndProjectSection
EndProject
Project("{8BC9CEB8-8B4A-11D0-8D11-00A0C91BC942}") = "t09_scripting", "_deps\behaviortree_cpp-build\examples\t09_scripting.vcxproj", "{C9EB68BC-6B63-3BDD-B190-FC2D486F7152}"
	ProjectSection(ProjectDependencies) = postProject
		{96289C91-CB9B-3E00-A869-943598CAAB20} = {96289C91-CB9B-3E00-A869-943598CAAB20}
		{4B091DA1-71DB-3970-A259-59D096D23479} = {4B091DA1-71DB-3970-A259-59D096D23479}
		{AAC6B795-529D-3CE5-B25D-975246C07059} = {AAC6B795-529D-3CE5-B25D-975246C07059}
	EndProjectSection
EndProject
Global
	GlobalSection(SolutionConfigurationPlatforms) = preSolution
		Debug|x64 = Debug|x64
		Release|x64 = Release|x64
		MinSizeRel|x64 = MinSizeRel|x64
		RelWithDebInfo|x64 = RelWithDebInfo|x64
	EndGlobalSection
	GlobalSection(ProjectConfigurationPlatforms) = postSolution
		{B02E576A-7BFA-31CA-A023-E550A5AE0947}.Debug|x64.ActiveCfg = Debug|x64
		{B02E576A-7BFA-31CA-A023-E550A5AE0947}.Debug|x64.Build.0 = Debug|x64
		{B02E576A-7BFA-31CA-A023-E550A5AE0947}.Release|x64.ActiveCfg = Release|x64
		{B02E576A-7BFA-31CA-A023-E550A5AE0947}.Release|x64.Build.0 = Release|x64
		{B02E576A-7BFA-31CA-A023-E550A5AE0947}.MinSizeRel|x64.ActiveCfg = MinSizeRel|x64
		{B02E576A-7BFA-31CA-A023-E550A5AE0947}.MinSizeRel|x64.Build.0 = MinSizeRel|x64
		{B02E576A-7BFA-31CA-A023-E550A5AE0947}.RelWithDebInfo|x64.ActiveCfg = RelWithDebInfo|x64
		{B02E576A-7BFA-31CA-A023-E550A5AE0947}.RelWithDebInfo|x64.Build.0 = RelWithDebInfo|x64
		{5DB9AF34-1CFC-3F7C-8C7B-9A8346ED4819}.Debug|x64.ActiveCfg = Debug|x64
		{5DB9AF34-1CFC-3F7C-8C7B-9A8346ED4819}.Release|x64.ActiveCfg = Release|x64
		{5DB9AF34-1CFC-3F7C-8C7B-9A8346ED4819}.MinSizeRel|x64.ActiveCfg = MinSizeRel|x64
		{5DB9AF34-1CFC-3F7C-8C7B-9A8346ED4819}.RelWithDebInfo|x64.ActiveCfg = RelWithDebInfo|x64
		{96289C91-CB9B-3E00-A869-943598CAAB20}.Debug|x64.ActiveCfg = Debug|x64
		{96289C91-CB9B-3E00-A869-943598CAAB20}.Debug|x64.Build.0 = Debug|x64
		{96289C91-CB9B-3E00-A869-943598CAAB20}.Release|x64.ActiveCfg = Release|x64
		{96289C91-CB9B-3E00-A869-943598CAAB20}.Release|x64.Build.0 = Release|x64
		{96289C91-CB9B-3E00-A869-943598CAAB20}.MinSizeRel|x64.ActiveCfg = MinSizeRel|x64
		{96289C91-CB9B-3E00-A869-943598CAAB20}.MinSizeRel|x64.Build.0 = MinSizeRel|x64
		{96289C91-CB9B-3E00-A869-943598CAAB20}.RelWithDebInfo|x64.ActiveCfg = RelWithDebInfo|x64
		{96289C91-CB9B-3E00-A869-943598CAAB20}.RelWithDebInfo|x64.Build.0 = RelWithDebInfo|x64
		{4B091DA1-71DB-3970-A259-59D096D23479}.Debug|x64.ActiveCfg = Debug|x64
		{4B091DA1-71DB-3970-A259-59D096D23479}.Debug|x64.Build.0 = Debug|x64
		{4B091DA1-71DB-3970-A259-59D096D23479}.Release|x64.ActiveCfg = Release|x64
		{4B091DA1-71DB-3970-A259-59D096D23479}.Release|x64.Build.0 = Release|x64
		{4B091DA1-71DB-3970-A259-59D096D23479}.MinSizeRel|x64.ActiveCfg = MinSizeRel|x64
		{4B091DA1-71DB-3970-A259-59D096D23479}.MinSizeRel|x64.Build.0 = MinSizeRel|x64
		{4B091DA1-71DB-3970-A259-59D096D23479}.RelWithDebInfo|x64.ActiveCfg = RelWithDebInfo|x64
		{4B091DA1-71DB-3970-A259-59D096D23479}.RelWithDebInfo|x64.Build.0 = RelWithDebInfo|x64
		{9B6C3783-66C0-37E5-B56E-80F9973F6440}.Debug|x64.ActiveCfg = Debug|x64
		{9B6C3783-66C0-37E5-B56E-80F9973F6440}.Debug|x64.Build.0 = Debug|x64
		{9B6C3783-66C0-37E5-B56E-80F9973F6440}.Release|x64.ActiveCfg = Release|x64
		{9B6C3783-66C0-37E5-B56E-80F9973F6440}.Release|x64.Build.0 = Release|x64
		{9B6C3783-66C0-37E5-B56E-80F9973F6440}.MinSizeRel|x64.ActiveCfg = MinSizeRel|x64
		{9B6C3783-66C0-37E5-B56E-80F9973F6440}.MinSizeRel|x64.Build.0 = MinSizeRel|x64
		{9B6C3783-66C0-37E5-B56E-80F9973F6440}.RelWithDebInfo|x64.ActiveCfg = RelWithDebInfo|x64
		{9B6C3783-66C0-37E5-B56E-80F9973F6440}.RelWithDebInfo|x64.Build.0 = RelWithDebInfo|x64
		{0A56AA35-FD5B-3D7B-B056-40E531903678}.Debug|x64.ActiveCfg = Debug|x64
		{0A56AA35-FD5B-3D7B-B056-40E531903678}.Debug|x64.Build.0 = Debug|x64
		{0A56AA35-FD5B-3D7B-B056-40E531903678}.Release|x64.ActiveCfg = Release|x64
		{0A56AA35-FD5B-3D7B-B056-40E531903678}.Release|x64.Build.0 = Release|x64
		{0A56AA35-FD5B-3D7B-B056-40E531903678}.MinSizeRel|x64.ActiveCfg = MinSizeRel|x64
		{0A56AA35-FD5B-3D7B-B056-40E531903678}.MinSizeRel|x64.Build.0 = MinSizeRel|x64
		{0A56AA35-FD5B-3D7B-B056-40E531903678}.RelWithDebInfo|x64.ActiveCfg = RelWithDebInfo|x64
		{0A56AA35-FD5B-3D7B-B056-40E531903678}.RelWithDebInfo|x64.Build.0 = RelWithDebInfo|x64
		{2D57D7B6-B40A-31E6-9945-5119E695CD63}.Debug|x64.ActiveCfg = Debug|x64
		{2D57D7B6-B40A-31E6-9945-5119E695CD63}.Debug|x64.Build.0 = Debug|x64
		{2D57D7B6-B40A-31E6-9945-5119E695CD63}.Release|x64.ActiveCfg = Release|x64
		{2D57D7B6-B40A-31E6-9945-5119E695CD63}.Release|x64.Build.0 = Release|x64
		{2D57D7B6-B40A-31E6-9945-5119E695CD63}.MinSizeRel|x64.ActiveCfg = MinSizeRel|x64
		{2D57D7B6-B40A-31E6-9945-5119E695CD63}.MinSizeRel|x64.Build.0 = MinSizeRel|x64
		{2D57D7B6-B40A-31E6-9945-5119E695CD63}.RelWithDebInfo|x64.ActiveCfg = RelWithDebInfo|x64
		{2D57D7B6-B40A-31E6-9945-5119E695CD63}.RelWithDebInfo|x64.Build.0 = RelWithDebInfo|x64
		{7E0CA2AB-5C8D-3C16-AF2B-FFA1EC6DF610}.Debug|x64.ActiveCfg = Debug|x64
		{7E0CA2AB-5C8D-3C16-AF2B-FFA1EC6DF610}.Debug|x64.Build.0 = Debug|x64
		{7E0CA2AB-5C8D-3C16-AF2B-FFA1EC6DF610}.Release|x64.ActiveCfg = Release|x64
		{7E0CA2AB-5C8D-3C16-AF2B-FFA1EC6DF610}.Release|x64.Build.0 = Release|x64
		{7E0CA2AB-5C8D-3C16-AF2B-FFA1EC6DF610}.MinSizeRel|x64.ActiveCfg = MinSizeRel|x64
		{7E0CA2AB-5C8D-3C16-AF2B-FFA1EC6DF610}.MinSizeRel|x64.Build.0 = MinSizeRel|x64
		{7E0CA2AB-5C8D-3C16-AF2B-FFA1EC6DF610}.RelWithDebInfo|x64.ActiveCfg = RelWithDebInfo|x64
		{7E0CA2AB-5C8D-3C16-AF2B-FFA1EC6DF610}.RelWithDebInfo|x64.Build.0 = RelWithDebInfo|x64
		{AAC6B795-529D-3CE5-B25D-975246C07059}.Debug|x64.ActiveCfg = Debug|x64
		{AAC6B795-529D-3CE5-B25D-975246C07059}.Debug|x64.Build.0 = Debug|x64
		{AAC6B795-529D-3CE5-B25D-975246C07059}.Release|x64.ActiveCfg = Release|x64
		{AAC6B795-529D-3CE5-B25D-975246C07059}.Release|x64.Build.0 = Release|x64
		{AAC6B795-529D-3CE5-B25D-975246C07059}.MinSizeRel|x64.ActiveCfg = MinSizeRel|x64
		{AAC6B795-529D-3CE5-B25D-975246C07059}.MinSizeRel|x64.Build.0 = MinSizeRel|x64
		{AAC6B795-529D-3CE5-B25D-975246C07059}.RelWithDebInfo|x64.ActiveCfg = RelWithDebInfo|x64
		{AAC6B795-529D-3CE5-B25D-975246C07059}.RelWithDebInfo|x64.Build.0 = RelWithDebInfo|x64
		{388115B2-D4E7-3091-8F17-EF6AE0CD85DF}.Debug|x64.ActiveCfg = Debug|x64
		{388115B2-D4E7-3091-8F17-EF6AE0CD85DF}.Debug|x64.Build.0 = Debug|x64
		{388115B2-D4E7-3091-8F17-EF6AE0CD85DF}.Release|x64.ActiveCfg = Release|x64
		{388115B2-D4E7-3091-8F17-EF6AE0CD85DF}.Release|x64.Build.0 = Release|x64
		{388115B2-D4E7-3091-8F17-EF6AE0CD85DF}.MinSizeRel|x64.ActiveCfg = MinSizeRel|x64
		{388115B2-D4E7-3091-8F17-EF6AE0CD85DF}.MinSizeRel|x64.Build.0 = MinSizeRel|x64
		{388115B2-D4E7-3091-8F17-EF6AE0CD85DF}.RelWithDebInfo|x64.ActiveCfg = RelWithDebInfo|x64
		{388115B2-D4E7-3091-8F17-EF6AE0CD85DF}.RelWithDebInfo|x64.Build.0 = RelWithDebInfo|x64
		{535F7921-8694-3282-BA68-2C162BD74279}.Debug|x64.ActiveCfg = Debug|x64
		{535F7921-8694-3282-BA68-2C162BD74279}.Debug|x64.Build.0 = Debug|x64
		{535F7921-8694-3282-BA68-2C162BD74279}.Release|x64.ActiveCfg = Release|x64
		{535F7921-8694-3282-BA68-2C162BD74279}.Release|x64.Build.0 = Release|x64
		{535F7921-8694-3282-BA68-2C162BD74279}.MinSizeRel|x64.ActiveCfg = MinSizeRel|x64
		{535F7921-8694-3282-BA68-2C162BD74279}.MinSizeRel|x64.Build.0 = MinSizeRel|x64
		{535F7921-8694-3282-BA68-2C162BD74279}.RelWithDebInfo|x64.ActiveCfg = RelWithDebInfo|x64
		{535F7921-8694-3282-BA68-2C162BD74279}.RelWithDebInfo|x64.Build.0 = RelWithDebInfo|x64
		{5F684EED-F6BF-392E-9CA1-4EBBF3A09AAD}.Debug|x64.ActiveCfg = Debug|x64
		{5F684EED-F6BF-392E-9CA1-4EBBF3A09AAD}.Debug|x64.Build.0 = Debug|x64
		{5F684EED-F6BF-392E-9CA1-4EBBF3A09AAD}.Release|x64.ActiveCfg = Release|x64
		{5F684EED-F6BF-392E-9CA1-4EBBF3A09AAD}.Release|x64.Build.0 = Release|x64
		{5F684EED-F6BF-392E-9CA1-4EBBF3A09AAD}.MinSizeRel|x64.ActiveCfg = MinSizeRel|x64
		{5F684EED-F6BF-392E-9CA1-4EBBF3A09AAD}.MinSizeRel|x64.Build.0 = MinSizeRel|x64
		{5F684EED-F6BF-392E-9CA1-4EBBF3A09AAD}.RelWithDebInfo|x64.ActiveCfg = RelWithDebInfo|x64
		{5F684EED-F6BF-392E-9CA1-4EBBF3A09AAD}.RelWithDebInfo|x64.Build.0 = RelWithDebInfo|x64
		{D1BE7918-5692-3A49-BF40-942E32AA294C}.Debug|x64.ActiveCfg = Debug|x64
		{D1BE7918-5692-3A49-BF40-942E32AA294C}.Debug|x64.Build.0 = Debug|x64
		{D1BE7918-5692-3A49-BF40-942E32AA294C}.Release|x64.ActiveCfg = Release|x64
		{D1BE7918-5692-3A49-BF40-942E32AA294C}.Release|x64.Build.0 = Release|x64
		{D1BE7918-5692-3A49-BF40-942E32AA294C}.MinSizeRel|x64.ActiveCfg = MinSizeRel|x64
		{D1BE7918-5692-3A49-BF40-942E32AA294C}.MinSizeRel|x64.Build.0 = MinSizeRel|x64
		{D1BE7918-5692-3A49-BF40-942E32AA294C}.RelWithDebInfo|x64.ActiveCfg = RelWithDebInfo|x64
		{D1BE7918-5692-3A49-BF40-942E32AA294C}.RelWithDebInfo|x64.Build.0 = RelWithDebInfo|x64
		{95BB3967-2D4A-3332-A5E6-33501F382852}.Debug|x64.ActiveCfg = Debug|x64
		{95BB3967-2D4A-3332-A5E6-33501F382852}.Debug|x64.Build.0 = Debug|x64
		{95BB3967-2D4A-3332-A5E6-33501F382852}.Release|x64.ActiveCfg = Release|x64
		{95BB3967-2D4A-3332-A5E6-33501F382852}.Release|x64.Build.0 = Release|x64
		{95BB3967-2D4A-3332-A5E6-33501F382852}.MinSizeRel|x64.ActiveCfg = MinSizeRel|x64
		{95BB3967-2D4A-3332-A5E6-33501F382852}.MinSizeRel|x64.Build.0 = MinSizeRel|x64
		{95BB3967-2D4A-3332-A5E6-33501F382852}.RelWithDebInfo|x64.ActiveCfg = RelWithDebInfo|x64
		{95BB3967-2D4A-3332-A5E6-33501F382852}.RelWithDebInfo|x64.Build.0 = RelWithDebInfo|x64
		{63C1F247-91BD-3535-8EC6-0537662E16C1}.Debug|x64.ActiveCfg = Debug|x64
		{63C1F247-91BD-3535-8EC6-0537662E16C1}.Debug|x64.Build.0 = Debug|x64
		{63C1F247-91BD-3535-8EC6-0537662E16C1}.Release|x64.ActiveCfg = Release|x64
		{63C1F247-91BD-3535-8EC6-0537662E16C1}.Release|x64.Build.0 = Release|x64
		{63C1F247-91BD-3535-8EC6-0537662E16C1}.MinSizeRel|x64.ActiveCfg = MinSizeRel|x64
		{63C1F247-91BD-3535-8EC6-0537662E16C1}.MinSizeRel|x64.Build.0 = MinSizeRel|x64
		{63C1F247-91BD-3535-8EC6-0537662E16C1}.RelWithDebInfo|x64.ActiveCfg = RelWithDebInfo|x64
		{63C1F247-91BD-3535-8EC6-0537662E16C1}.RelWithDebInfo|x64.Build.0 = RelWithDebInfo|x64
		{824648E8-D2E9-34E4-8764-44EFF024EB14}.Debug|x64.ActiveCfg = Debug|x64
		{824648E8-D2E9-34E4-8764-44EFF024EB14}.Debug|x64.Build.0 = Debug|x64
		{824648E8-D2E9-34E4-8764-44EFF024EB14}.Release|x64.ActiveCfg = Release|x64
		{824648E8-D2E9-34E4-8764-44EFF024EB14}.Release|x64.Build.0 = Release|x64
		{824648E8-D2E9-34E4-8764-44EFF024EB14}.MinSizeRel|x64.ActiveCfg = MinSizeRel|x64
		{824648E8-D2E9-34E4-8764-44EFF024EB14}.MinSizeRel|x64.Build.0 = MinSizeRel|x64
		{824648E8-D2E9-34E4-8764-44EFF024EB14}.RelWithDebInfo|x64.ActiveCfg = RelWithDebInfo|x64
		{824648E8-D2E9-34E4-8764-44EFF024EB14}.RelWithDebInfo|x64.Build.0 = RelWithDebInfo|x64
		{2FCF610B-C840-3939-87CF-B3EB6AB3FEB4}.Debug|x64.ActiveCfg = Debug|x64
		{2FCF610B-C840-3939-87CF-B3EB6AB3FEB4}.Debug|x64.Build.0 = Debug|x64
		{2FCF610B-C840-3939-87CF-B3EB6AB3FEB4}.Release|x64.ActiveCfg = Release|x64
		{2FCF610B-C840-3939-87CF-B3EB6AB3FEB4}.Release|x64.Build.0 = Release|x64
		{2FCF610B-C840-3939-87CF-B3EB6AB3FEB4}.MinSizeRel|x64.ActiveCfg = MinSizeRel|x64
		{2FCF610B-C840-3939-87CF-B3EB6AB3FEB4}.MinSizeRel|x64.Build.0 = MinSizeRel|x64
		{2FCF610B-C840-3939-87CF-B3EB6AB3FEB4}.RelWithDebInfo|x64.ActiveCfg = RelWithDebInfo|x64
		{2FCF610B-C840-3939-87CF-B3EB6AB3FEB4}.RelWithDebInfo|x64.Build.0 = RelWithDebInfo|x64
		{81CF0E6C-BCB2-3F01-9422-A54318879588}.Debug|x64.ActiveCfg = Debug|x64
		{81CF0E6C-BCB2-3F01-9422-A54318879588}.Debug|x64.Build.0 = Debug|x64
		{81CF0E6C-BCB2-3F01-9422-A54318879588}.Release|x64.ActiveCfg = Release|x64
		{81CF0E6C-BCB2-3F01-9422-A54318879588}.Release|x64.Build.0 = Release|x64
		{81CF0E6C-BCB2-3F01-9422-A54318879588}.MinSizeRel|x64.ActiveCfg = MinSizeRel|x64
		{81CF0E6C-BCB2-3F01-9422-A54318879588}.MinSizeRel|x64.Build.0 = MinSizeRel|x64
		{81CF0E6C-BCB2-3F01-9422-A54318879588}.RelWithDebInfo|x64.ActiveCfg = RelWithDebInfo|x64
		{81CF0E6C-BCB2-3F01-9422-A54318879588}.RelWithDebInfo|x64.Build.0 = RelWithDebInfo|x64
		{994F76F6-D223-32A4-AA51-BD2BDA131985}.Debug|x64.ActiveCfg = Debug|x64
		{994F76F6-D223-32A4-AA51-BD2BDA131985}.Debug|x64.Build.0 = Debug|x64
		{994F76F6-D223-32A4-AA51-BD2BDA131985}.Release|x64.ActiveCfg = Release|x64
		{994F76F6-D223-32A4-AA51-BD2BDA131985}.Release|x64.Build.0 = Release|x64
		{994F76F6-D223-32A4-AA51-BD2BDA131985}.MinSizeRel|x64.ActiveCfg = MinSizeRel|x64
		{994F76F6-D223-32A4-AA51-BD2BDA131985}.MinSizeRel|x64.Build.0 = MinSizeRel|x64
		{994F76F6-D223-32A4-AA51-BD2BDA131985}.RelWithDebInfo|x64.ActiveCfg = RelWithDebInfo|x64
		{994F76F6-D223-32A4-AA51-BD2BDA131985}.RelWithDebInfo|x64.Build.0 = RelWithDebInfo|x64
		{8706BD93-920C-3703-B2E1-C574FC34780A}.Debug|x64.ActiveCfg = Debug|x64
		{8706BD93-920C-3703-B2E1-C574FC34780A}.Debug|x64.Build.0 = Debug|x64
		{8706BD93-920C-3703-B2E1-C574FC34780A}.Release|x64.ActiveCfg = Release|x64
		{8706BD93-920C-3703-B2E1-C574FC34780A}.Release|x64.Build.0 = Release|x64
		{8706BD93-920C-3703-B2E1-C574FC34780A}.MinSizeRel|x64.ActiveCfg = MinSizeRel|x64
		{8706BD93-920C-3703-B2E1-C574FC34780A}.MinSizeRel|x64.Build.0 = MinSizeRel|x64
		{8706BD93-920C-3703-B2E1-C574FC34780A}.RelWithDebInfo|x64.ActiveCfg = RelWithDebInfo|x64
		{8706BD93-920C-3703-B2E1-C574FC34780A}.RelWithDebInfo|x64.Build.0 = RelWithDebInfo|x64
		{A06E0866-275E-398E-BB52-F84894B2049C}.Debug|x64.ActiveCfg = Debug|x64
		{A06E0866-275E-398E-BB52-F84894B2049C}.Debug|x64.Build.0 = Debug|x64
		{A06E0866-275E-398E-BB52-F84894B2049C}.Release|x64.ActiveCfg = Release|x64
		{A06E0866-275E-398E-BB52-F84894B2049C}.Release|x64.Build.0 = Release|x64
		{A06E0866-275E-398E-BB52-F84894B2049C}.MinSizeRel|x64.ActiveCfg = MinSizeRel|x64
		{A06E0866-275E-398E-BB52-F84894B2049C}.MinSizeRel|x64.Build.0 = MinSizeRel|x64
		{A06E0866-275E-398E-BB52-F84894B2049C}.RelWithDebInfo|x64.ActiveCfg = RelWithDebInfo|x64
		{A06E0866-275E-398E-BB52-F84894B2049C}.RelWithDebInfo|x64.Build.0 = RelWithDebInfo|x64
		{7EC8E27F-6FDC-308E-B11F-2BA4854625EE}.Debug|x64.ActiveCfg = Debug|x64
		{7EC8E27F-6FDC-308E-B11F-2BA4854625EE}.Debug|x64.Build.0 = Debug|x64
		{7EC8E27F-6FDC-308E-B11F-2BA4854625EE}.Release|x64.ActiveCfg = Release|x64
		{7EC8E27F-6FDC-308E-B11F-2BA4854625EE}.Release|x64.Build.0 = Release|x64
		{7EC8E27F-6FDC-308E-B11F-2BA4854625EE}.MinSizeRel|x64.ActiveCfg = MinSizeRel|x64
		{7EC8E27F-6FDC-308E-B11F-2BA4854625EE}.MinSizeRel|x64.Build.0 = MinSizeRel|x64
		{7EC8E27F-6FDC-308E-B11F-2BA4854625EE}.RelWithDebInfo|x64.ActiveCfg = RelWithDebInfo|x64
		{7EC8E27F-6FDC-308E-B11F-2BA4854625EE}.RelWithDebInfo|x64.Build.0 = RelWithDebInfo|x64
		{6876F606-0036-3F93-A15B-E313F3FA77C9}.Debug|x64.ActiveCfg = Debug|x64
		{6876F606-0036-3F93-A15B-E313F3FA77C9}.Debug|x64.Build.0 = Debug|x64
		{6876F606-0036-3F93-A15B-E313F3FA77C9}.Release|x64.ActiveCfg = Release|x64
		{6876F606-0036-3F93-A15B-E313F3FA77C9}.Release|x64.Build.0 = Release|x64
		{6876F606-0036-3F93-A15B-E313F3FA77C9}.MinSizeRel|x64.ActiveCfg = MinSizeRel|x64
		{6876F606-0036-3F93-A15B-E313F3FA77C9}.MinSizeRel|x64.Build.0 = MinSizeRel|x64
		{6876F606-0036-3F93-A15B-E313F3FA77C9}.RelWithDebInfo|x64.ActiveCfg = RelWithDebInfo|x64
		{6876F606-0036-3F93-A15B-E313F3FA77C9}.RelWithDebInfo|x64.Build.0 = RelWithDebInfo|x64
		{8133BEA3-39F0-30E8-A1BC-68C4765A7EC1}.Debug|x64.ActiveCfg = Debug|x64
		{8133BEA3-39F0-30E8-A1BC-68C4765A7EC1}.Debug|x64.Build.0 = Debug|x64
		{8133BEA3-39F0-30E8-A1BC-68C4765A7EC1}.Release|x64.ActiveCfg = Release|x64
		{8133BEA3-39F0-30E8-A1BC-68C4765A7EC1}.Release|x64.Build.0 = Release|x64
		{8133BEA3-39F0-30E8-A1BC-68C4765A7EC1}.MinSizeRel|x64.ActiveCfg = MinSizeRel|x64
		{8133BEA3-39F0-30E8-A1BC-68C4765A7EC1}.MinSizeRel|x64.Build.0 = MinSizeRel|x64
		{8133BEA3-39F0-30E8-A1BC-68C4765A7EC1}.RelWithDebInfo|x64.ActiveCfg = RelWithDebInfo|x64
		{8133BEA3-39F0-30E8-A1BC-68C4765A7EC1}.RelWithDebInfo|x64.Build.0 = RelWithDebInfo|x64
		{F526AD27-5D77-3C28-AAE3-B769C429BFA1}.Debug|x64.ActiveCfg = Debug|x64
		{F526AD27-5D77-3C28-AAE3-B769C429BFA1}.Debug|x64.Build.0 = Debug|x64
		{F526AD27-5D77-3C28-AAE3-B769C429BFA1}.Release|x64.ActiveCfg = Release|x64
		{F526AD27-5D77-3C28-AAE3-B769C429BFA1}.Release|x64.Build.0 = Release|x64
		{F526AD27-5D77-3C28-AAE3-B769C429BFA1}.MinSizeRel|x64.ActiveCfg = MinSizeRel|x64
		{F526AD27-5D77-3C28-AAE3-B769C429BFA1}.MinSizeRel|x64.Build.0 = MinSizeRel|x64
		{F526AD27-5D77-3C28-AAE3-B769C429BFA1}.RelWithDebInfo|x64.ActiveCfg = RelWithDebInfo|x64
		{F526AD27-5D77-3C28-AAE3-B769C429BFA1}.RelWithDebInfo|x64.Build.0 = RelWithDebInfo|x64
		{9841BEAD-D181-305D-9E9A-DD05DCA8607B}.Debug|x64.ActiveCfg = Debug|x64
		{9841BEAD-D181-305D-9E9A-DD05DCA8607B}.Debug|x64.Build.0 = Debug|x64
		{9841BEAD-D181-305D-9E9A-DD05DCA8607B}.Release|x64.ActiveCfg = Release|x64
		{9841BEAD-D181-305D-9E9A-DD05DCA8607B}.Release|x64.Build.0 = Release|x64
		{9841BEAD-D181-305D-9E9A-DD05DCA8607B}.MinSizeRel|x64.ActiveCfg = MinSizeRel|x64
		{9841BEAD-D181-305D-9E9A-DD05DCA8607B}.MinSizeRel|x64.Build.0 = MinSizeRel|x64
		{9841BEAD-D181-305D-9E9A-DD05DCA8607B}.RelWithDebInfo|x64.ActiveCfg = RelWithDebInfo|x64
		{9841BEAD-D181-305D-9E9A-DD05DCA8607B}.RelWithDebInfo|x64.Build.0 = RelWithDebInfo|x64
		{7C814F0F-E97F-3A22-BB6E-23D964C27C93}.Debug|x64.ActiveCfg = Debug|x64
		{7C814F0F-E97F-3A22-BB6E-23D964C27C93}.Debug|x64.Build.0 = Debug|x64
		{7C814F0F-E97F-3A22-BB6E-23D964C27C93}.Release|x64.ActiveCfg = Release|x64
		{7C814F0F-E97F-3A22-BB6E-23D964C27C93}.Release|x64.Build.0 = Release|x64
		{7C814F0F-E97F-3A22-BB6E-23D964C27C93}.MinSizeRel|x64.ActiveCfg = MinSizeRel|x64
		{7C814F0F-E97F-3A22-BB6E-23D964C27C93}.MinSizeRel|x64.Build.0 = MinSizeRel|x64
		{7C814F0F-E97F-3A22-BB6E-23D964C27C93}.RelWithDebInfo|x64.ActiveCfg = RelWithDebInfo|x64
		{7C814F0F-E97F-3A22-BB6E-23D964C27C93}.RelWithDebInfo|x64.Build.0 = RelWithDebInfo|x64
		{74108037-90C3-3E16-95FC-0A9942C78A10}.Debug|x64.ActiveCfg = Debug|x64
		{74108037-90C3-3E16-95FC-0A9942C78A10}.Debug|x64.Build.0 = Debug|x64
		{74108037-90C3-3E16-95FC-0A9942C78A10}.Release|x64.ActiveCfg = Release|x64
		{74108037-90C3-3E16-95FC-0A9942C78A10}.Release|x64.Build.0 = Release|x64
		{74108037-90C3-3E16-95FC-0A9942C78A10}.MinSizeRel|x64.ActiveCfg = MinSizeRel|x64
		{74108037-90C3-3E16-95FC-0A9942C78A10}.MinSizeRel|x64.Build.0 = MinSizeRel|x64
		{74108037-90C3-3E16-95FC-0A9942C78A10}.RelWithDebInfo|x64.ActiveCfg = RelWithDebInfo|x64
		{74108037-90C3-3E16-95FC-0A9942C78A10}.RelWithDebInfo|x64.Build.0 = RelWithDebInfo|x64
		{9B9AAC90-A3CF-3F3A-A063-2BE2B496279B}.Debug|x64.ActiveCfg = Debug|x64
		{9B9AAC90-A3CF-3F3A-A063-2BE2B496279B}.Debug|x64.Build.0 = Debug|x64
		{9B9AAC90-A3CF-3F3A-A063-2BE2B496279B}.Release|x64.ActiveCfg = Release|x64
		{9B9AAC90-A3CF-3F3A-A063-2BE2B496279B}.Release|x64.Build.0 = Release|x64
		{9B9AAC90-A3CF-3F3A-A063-2BE2B496279B}.MinSizeRel|x64.ActiveCfg = MinSizeRel|x64
		{9B9AAC90-A3CF-3F3A-A063-2BE2B496279B}.MinSizeRel|x64.Build.0 = MinSizeRel|x64
		{9B9AAC90-A3CF-3F3A-A063-2BE2B496279B}.RelWithDebInfo|x64.ActiveCfg = RelWithDebInfo|x64
		{9B9AAC90-A3CF-3F3A-A063-2BE2B496279B}.RelWithDebInfo|x64.Build.0 = RelWithDebInfo|x64
		{FA6A84D1-A70E-35A4-B769-7EC19E2A3040}.Debug|x64.ActiveCfg = Debug|x64
		{FA6A84D1-A70E-35A4-B769-7EC19E2A3040}.Debug|x64.Build.0 = Debug|x64
		{FA6A84D1-A70E-35A4-B769-7EC19E2A3040}.Release|x64.ActiveCfg = Release|x64
		{FA6A84D1-A70E-35A4-B769-7EC19E2A3040}.Release|x64.Build.0 = Release|x64
		{FA6A84D1-A70E-35A4-B769-7EC19E2A3040}.MinSizeRel|x64.ActiveCfg = MinSizeRel|x64
		{FA6A84D1-A70E-35A4-B769-7EC19E2A3040}.MinSizeRel|x64.Build.0 = MinSizeRel|x64
		{FA6A84D1-A70E-35A4-B769-7EC19E2A3040}.RelWithDebInfo|x64.ActiveCfg = RelWithDebInfo|x64
		{FA6A84D1-A70E-35A4-B769-7EC19E2A3040}.RelWithDebInfo|x64.Build.0 = RelWithDebInfo|x64
		{C9EB68BC-6B63-3BDD-B190-FC2D486F7152}.Debug|x64.ActiveCfg = Debug|x64
		{C9EB68BC-6B63-3BDD-B190-FC2D486F7152}.Debug|x64.Build.0 = Debug|x64
		{C9EB68BC-6B63-3BDD-B190-FC2D486F7152}.Release|x64.ActiveCfg = Release|x64
		{C9EB68BC-6B63-3BDD-B190-FC2D486F7152}.Release|x64.Build.0 = Release|x64
		{C9EB68BC-6B63-3BDD-B190-FC2D486F7152}.MinSizeRel|x64.ActiveCfg = MinSizeRel|x64
		{C9EB68BC-6B63-3BDD-B190-FC2D486F7152}.MinSizeRel|x64.Build.0 = MinSizeRel|x64
		{C9EB68BC-6B63-3BDD-B190-FC2D486F7152}.RelWithDebInfo|x64.ActiveCfg = RelWithDebInfo|x64
		{C9EB68BC-6B63-3BDD-B190-FC2D486F7152}.RelWithDebInfo|x64.Build.0 = RelWithDebInfo|x64
	EndGlobalSection
	GlobalSection(ExtensibilityGlobals) = postSolution
		SolutionGuid = {9E6AEC77-75B7-3857-9EFE-1E1F5EDAB7D6}
	EndGlobalSection
	GlobalSection(ExtensibilityAddIns) = postSolution
	EndGlobalSection
EndGlobal
